
Microsoft Visual Studio Solution File, Format Version 12.00
# Visual Studio 15
VisualStudioVersion = 15.0.26124.0
MinimumVisualStudioVersion = 15.0.26124.0
Project("{2150E333-8FDC-42A3-9474-1A3956D46DE8}") = "test", "test", "{9B4E8F8B-F235-44D9-A7F3-65BCD83956FF}"
EndProject
Project("{FAE04EC0-301F-11D3-BF4B-00C04F79EFBC}") = "RoRamu.Decoupler.DotNet.Generator.Test", "test\RoRamu.Decoupler.DotNet.Generator.Test\RoRamu.Decoupler.DotNet.Generator.Test.csproj", "{0DBA4273-5456-41F9-98EF-64BC1F19E5FB}"
EndProject
Project("{2150E333-8FDC-42A3-9474-1A3956D46DE8}") = "src", "src", "{81F92E15-CC39-469C-A672-A6717C46D684}"
EndProject
Project("{FAE04EC0-301F-11D3-BF4B-00C04F79EFBC}") = "RoRamu.Decoupler", "src\RoRamu.Decoupler\RoRamu.Decoupler.csproj", "{902CFEEC-8D31-4425-948C-E3D40FB6F88B}"
EndProject
Project("{FAE04EC0-301F-11D3-BF4B-00C04F79EFBC}") = "RoRamu.Decoupler.DotNet", "src\RoRamu.Decoupler.DotNet\RoRamu.Decoupler.DotNet.csproj", "{6486193A-22B9-48CF-BE3B-CF5A03AFEAF4}"
EndProject
Project("{FAE04EC0-301F-11D3-BF4B-00C04F79EFBC}") = "RoRamu.Decoupler.DotNet.Generator", "src\RoRamu.Decoupler.DotNet.Generator\RoRamu.Decoupler.DotNet.Generator.csproj", "{C763FA2F-C5F2-4A83-BAE8-30E3271E1C9F}"
EndProject
Project("{FAE04EC0-301F-11D3-BF4B-00C04F79EFBC}") = "RoRamu.Decoupler.DotNet.Transmitter", "src\RoRamu.Decoupler.DotNet.Transmitter\RoRamu.Decoupler.DotNet.Transmitter.csproj", "{51F307B5-6339-47E5-A586-2D0EA97CC0FF}"
EndProject
Project("{FAE04EC0-301F-11D3-BF4B-00C04F79EFBC}") = "RoRamu.Decoupler.DotNet.Receiver", "src\RoRamu.Decoupler.DotNet.Receiver\RoRamu.Decoupler.DotNet.Receiver.csproj", "{72F63B89-4ECD-41F4-AB22-0A58C9EC1ED1}"
EndProject
Project("{FAE04EC0-301F-11D3-BF4B-00C04F79EFBC}") = "RoRamu.Decoupler.DotNet.Protocol.WebSocket.Transmitter", "src\RoRamu.Decoupler.DotNet.Protocol.WebSocket.Transmitter\RoRamu.Decoupler.DotNet.Protocol.WebSocket.Transmitter.csproj", "{F582ED00-85BC-46B2-BAEF-B80E3FFFFC27}"
EndProject
Project("{FAE04EC0-301F-11D3-BF4B-00C04F79EFBC}") = "RoRamu.Decoupler.DotNet.Protocol.WebSocket.Receiver", "src\RoRamu.Decoupler.DotNet.Protocol.WebSocket.Receiver\RoRamu.Decoupler.DotNet.Protocol.WebSocket.Receiver.csproj", "{0BCA44F2-8996-41EF-98AF-DE00EF0531B2}"
EndProject
Project("{FAE04EC0-301F-11D3-BF4B-00C04F79EFBC}") = "RoRamu.Decoupler.DotNet.Generator.Target", "src\RoRamu.Decoupler.DotNet.Generator.Target\RoRamu.Decoupler.DotNet.Generator.Target.csproj", "{EBE6FD60-CA00-4120-B2E9-F274422BC97A}"
EndProject
Project("{FAE04EC0-301F-11D3-BF4B-00C04F79EFBC}") = "RoRamu.Decoupler.DotNet.Protocol.WebSocket", "src\RoRamu.Decoupler.DotNet.Protocol.WebSocket\RoRamu.Decoupler.DotNet.Protocol.WebSocket.csproj", "{03DCE94D-F9AA-4772-8314-9D66D6A489F3}"
EndProject
Global
	GlobalSection(SolutionConfigurationPlatforms) = preSolution
		Debug|Any CPU = Debug|Any CPU
		Debug|x64 = Debug|x64
		Debug|x86 = Debug|x86
		Release|Any CPU = Release|Any CPU
		Release|x64 = Release|x64
		Release|x86 = Release|x86
	EndGlobalSection
	GlobalSection(SolutionProperties) = preSolution
		HideSolutionNode = FALSE
	EndGlobalSection
	GlobalSection(ProjectConfigurationPlatforms) = postSolution
		{A0EF4C39-CFFD-4EB4-A96E-BF46589DBB17}.Debug|Any CPU.ActiveCfg = Debug|Any CPU
		{A0EF4C39-CFFD-4EB4-A96E-BF46589DBB17}.Debug|Any CPU.Build.0 = Debug|Any CPU
		{A0EF4C39-CFFD-4EB4-A96E-BF46589DBB17}.Debug|x64.ActiveCfg = Debug|Any CPU
		{A0EF4C39-CFFD-4EB4-A96E-BF46589DBB17}.Debug|x64.Build.0 = Debug|Any CPU
		{A0EF4C39-CFFD-4EB4-A96E-BF46589DBB17}.Debug|x86.ActiveCfg = Debug|Any CPU
		{A0EF4C39-CFFD-4EB4-A96E-BF46589DBB17}.Debug|x86.Build.0 = Debug|Any CPU
		{A0EF4C39-CFFD-4EB4-A96E-BF46589DBB17}.Release|Any CPU.ActiveCfg = Release|Any CPU
		{A0EF4C39-CFFD-4EB4-A96E-BF46589DBB17}.Release|Any CPU.Build.0 = Release|Any CPU
		{A0EF4C39-CFFD-4EB4-A96E-BF46589DBB17}.Release|x64.ActiveCfg = Release|Any CPU
		{A0EF4C39-CFFD-4EB4-A96E-BF46589DBB17}.Release|x64.Build.0 = Release|Any CPU
		{A0EF4C39-CFFD-4EB4-A96E-BF46589DBB17}.Release|x86.ActiveCfg = Release|Any CPU
		{A0EF4C39-CFFD-4EB4-A96E-BF46589DBB17}.Release|x86.Build.0 = Release|Any CPU
		{DE1C9626-E1E4-4F8D-8894-0164AE57017A}.Debug|Any CPU.ActiveCfg = Debug|Any CPU
		{DE1C9626-E1E4-4F8D-8894-0164AE57017A}.Debug|Any CPU.Build.0 = Debug|Any CPU
		{DE1C9626-E1E4-4F8D-8894-0164AE57017A}.Debug|x64.ActiveCfg = Debug|Any CPU
		{DE1C9626-E1E4-4F8D-8894-0164AE57017A}.Debug|x64.Build.0 = Debug|Any CPU
		{DE1C9626-E1E4-4F8D-8894-0164AE57017A}.Debug|x86.ActiveCfg = Debug|Any CPU
		{DE1C9626-E1E4-4F8D-8894-0164AE57017A}.Debug|x86.Build.0 = Debug|Any CPU
		{DE1C9626-E1E4-4F8D-8894-0164AE57017A}.Release|Any CPU.ActiveCfg = Release|Any CPU
		{DE1C9626-E1E4-4F8D-8894-0164AE57017A}.Release|Any CPU.Build.0 = Release|Any CPU
		{DE1C9626-E1E4-4F8D-8894-0164AE57017A}.Release|x64.ActiveCfg = Release|Any CPU
		{DE1C9626-E1E4-4F8D-8894-0164AE57017A}.Release|x64.Build.0 = Release|Any CPU
		{DE1C9626-E1E4-4F8D-8894-0164AE57017A}.Release|x86.ActiveCfg = Release|Any CPU
		{DE1C9626-E1E4-4F8D-8894-0164AE57017A}.Release|x86.Build.0 = Release|Any CPU
		{C0D9119B-E61B-4A3A-8647-538003B47E35}.Debug|Any CPU.ActiveCfg = Debug|Any CPU
		{C0D9119B-E61B-4A3A-8647-538003B47E35}.Debug|Any CPU.Build.0 = Debug|Any CPU
		{C0D9119B-E61B-4A3A-8647-538003B47E35}.Debug|x64.ActiveCfg = Debug|Any CPU
		{C0D9119B-E61B-4A3A-8647-538003B47E35}.Debug|x64.Build.0 = Debug|Any CPU
		{C0D9119B-E61B-4A3A-8647-538003B47E35}.Debug|x86.ActiveCfg = Debug|Any CPU
		{C0D9119B-E61B-4A3A-8647-538003B47E35}.Debug|x86.Build.0 = Debug|Any CPU
		{C0D9119B-E61B-4A3A-8647-538003B47E35}.Release|Any CPU.ActiveCfg = Release|Any CPU
		{C0D9119B-E61B-4A3A-8647-538003B47E35}.Release|Any CPU.Build.0 = Release|Any CPU
		{C0D9119B-E61B-4A3A-8647-538003B47E35}.Release|x64.ActiveCfg = Release|Any CPU
		{C0D9119B-E61B-4A3A-8647-538003B47E35}.Release|x64.Build.0 = Release|Any CPU
		{C0D9119B-E61B-4A3A-8647-538003B47E35}.Release|x86.ActiveCfg = Release|Any CPU
		{C0D9119B-E61B-4A3A-8647-538003B47E35}.Release|x86.Build.0 = Release|Any CPU
		{52FD2503-7D79-46A1-95C6-72CBBE8DDFE1}.Debug|Any CPU.ActiveCfg = Debug|Any CPU
		{52FD2503-7D79-46A1-95C6-72CBBE8DDFE1}.Debug|Any CPU.Build.0 = Debug|Any CPU
		{52FD2503-7D79-46A1-95C6-72CBBE8DDFE1}.Debug|x64.ActiveCfg = Debug|Any CPU
		{52FD2503-7D79-46A1-95C6-72CBBE8DDFE1}.Debug|x64.Build.0 = Debug|Any CPU
		{52FD2503-7D79-46A1-95C6-72CBBE8DDFE1}.Debug|x86.ActiveCfg = Debug|Any CPU
		{52FD2503-7D79-46A1-95C6-72CBBE8DDFE1}.Debug|x86.Build.0 = Debug|Any CPU
		{52FD2503-7D79-46A1-95C6-72CBBE8DDFE1}.Release|Any CPU.ActiveCfg = Release|Any CPU
		{52FD2503-7D79-46A1-95C6-72CBBE8DDFE1}.Release|Any CPU.Build.0 = Release|Any CPU
		{52FD2503-7D79-46A1-95C6-72CBBE8DDFE1}.Release|x64.ActiveCfg = Release|Any CPU
		{52FD2503-7D79-46A1-95C6-72CBBE8DDFE1}.Release|x64.Build.0 = Release|Any CPU
		{52FD2503-7D79-46A1-95C6-72CBBE8DDFE1}.Release|x86.ActiveCfg = Release|Any CPU
		{52FD2503-7D79-46A1-95C6-72CBBE8DDFE1}.Release|x86.Build.0 = Release|Any CPU
		{82D7CC75-DA7C-4FE8-9B23-A5C7F85D94F1}.Debug|Any CPU.ActiveCfg = Debug|Any CPU
		{82D7CC75-DA7C-4FE8-9B23-A5C7F85D94F1}.Debug|Any CPU.Build.0 = Debug|Any CPU
		{82D7CC75-DA7C-4FE8-9B23-A5C7F85D94F1}.Debug|x64.ActiveCfg = Debug|Any CPU
		{82D7CC75-DA7C-4FE8-9B23-A5C7F85D94F1}.Debug|x64.Build.0 = Debug|Any CPU
		{82D7CC75-DA7C-4FE8-9B23-A5C7F85D94F1}.Debug|x86.ActiveCfg = Debug|Any CPU
		{82D7CC75-DA7C-4FE8-9B23-A5C7F85D94F1}.Debug|x86.Build.0 = Debug|Any CPU
		{82D7CC75-DA7C-4FE8-9B23-A5C7F85D94F1}.Release|Any CPU.ActiveCfg = Release|Any CPU
		{82D7CC75-DA7C-4FE8-9B23-A5C7F85D94F1}.Release|Any CPU.Build.0 = Release|Any CPU
		{82D7CC75-DA7C-4FE8-9B23-A5C7F85D94F1}.Release|x64.ActiveCfg = Release|Any CPU
		{82D7CC75-DA7C-4FE8-9B23-A5C7F85D94F1}.Release|x64.Build.0 = Release|Any CPU
		{82D7CC75-DA7C-4FE8-9B23-A5C7F85D94F1}.Release|x86.ActiveCfg = Release|Any CPU
		{82D7CC75-DA7C-4FE8-9B23-A5C7F85D94F1}.Release|x86.Build.0 = Release|Any CPU
		{599D0A9C-9CBB-499E-8E25-77C881846E37}.Debug|Any CPU.ActiveCfg = Debug|Any CPU
		{599D0A9C-9CBB-499E-8E25-77C881846E37}.Debug|Any CPU.Build.0 = Debug|Any CPU
		{599D0A9C-9CBB-499E-8E25-77C881846E37}.Debug|x64.ActiveCfg = Debug|Any CPU
		{599D0A9C-9CBB-499E-8E25-77C881846E37}.Debug|x64.Build.0 = Debug|Any CPU
		{599D0A9C-9CBB-499E-8E25-77C881846E37}.Debug|x86.ActiveCfg = Debug|Any CPU
		{599D0A9C-9CBB-499E-8E25-77C881846E37}.Debug|x86.Build.0 = Debug|Any CPU
		{599D0A9C-9CBB-499E-8E25-77C881846E37}.Release|Any CPU.ActiveCfg = Release|Any CPU
		{599D0A9C-9CBB-499E-8E25-77C881846E37}.Release|Any CPU.Build.0 = Release|Any CPU
		{599D0A9C-9CBB-499E-8E25-77C881846E37}.Release|x64.ActiveCfg = Release|Any CPU
		{599D0A9C-9CBB-499E-8E25-77C881846E37}.Release|x64.Build.0 = Release|Any CPU
		{599D0A9C-9CBB-499E-8E25-77C881846E37}.Release|x86.ActiveCfg = Release|Any CPU
		{599D0A9C-9CBB-499E-8E25-77C881846E37}.Release|x86.Build.0 = Release|Any CPU
		{2D220F22-4991-4019-A97E-F20CE1A35F61}.Debug|Any CPU.ActiveCfg = Debug|Any CPU
		{2D220F22-4991-4019-A97E-F20CE1A35F61}.Debug|Any CPU.Build.0 = Debug|Any CPU
		{2D220F22-4991-4019-A97E-F20CE1A35F61}.Debug|x64.ActiveCfg = Debug|Any CPU
		{2D220F22-4991-4019-A97E-F20CE1A35F61}.Debug|x64.Build.0 = Debug|Any CPU
		{2D220F22-4991-4019-A97E-F20CE1A35F61}.Debug|x86.ActiveCfg = Debug|Any CPU
		{2D220F22-4991-4019-A97E-F20CE1A35F61}.Debug|x86.Build.0 = Debug|Any CPU
		{2D220F22-4991-4019-A97E-F20CE1A35F61}.Release|Any CPU.ActiveCfg = Release|Any CPU
		{2D220F22-4991-4019-A97E-F20CE1A35F61}.Release|Any CPU.Build.0 = Release|Any CPU
		{2D220F22-4991-4019-A97E-F20CE1A35F61}.Release|x64.ActiveCfg = Release|Any CPU
		{2D220F22-4991-4019-A97E-F20CE1A35F61}.Release|x64.Build.0 = Release|Any CPU
		{2D220F22-4991-4019-A97E-F20CE1A35F61}.Release|x86.ActiveCfg = Release|Any CPU
		{2D220F22-4991-4019-A97E-F20CE1A35F61}.Release|x86.Build.0 = Release|Any CPU
		{902CFEEC-8D31-4425-948C-E3D40FB6F88B}.Debug|Any CPU.ActiveCfg = Debug|Any CPU
		{902CFEEC-8D31-4425-948C-E3D40FB6F88B}.Debug|Any CPU.Build.0 = Debug|Any CPU
		{902CFEEC-8D31-4425-948C-E3D40FB6F88B}.Debug|x64.ActiveCfg = Debug|Any CPU
		{902CFEEC-8D31-4425-948C-E3D40FB6F88B}.Debug|x64.Build.0 = Debug|Any CPU
		{902CFEEC-8D31-4425-948C-E3D40FB6F88B}.Debug|x86.ActiveCfg = Debug|Any CPU
		{902CFEEC-8D31-4425-948C-E3D40FB6F88B}.Debug|x86.Build.0 = Debug|Any CPU
		{902CFEEC-8D31-4425-948C-E3D40FB6F88B}.Release|Any CPU.ActiveCfg = Release|Any CPU
		{902CFEEC-8D31-4425-948C-E3D40FB6F88B}.Release|Any CPU.Build.0 = Release|Any CPU
		{902CFEEC-8D31-4425-948C-E3D40FB6F88B}.Release|x64.ActiveCfg = Release|Any CPU
		{902CFEEC-8D31-4425-948C-E3D40FB6F88B}.Release|x64.Build.0 = Release|Any CPU
		{902CFEEC-8D31-4425-948C-E3D40FB6F88B}.Release|x86.ActiveCfg = Release|Any CPU
		{902CFEEC-8D31-4425-948C-E3D40FB6F88B}.Release|x86.Build.0 = Release|Any CPU
		{6486193A-22B9-48CF-BE3B-CF5A03AFEAF4}.Debug|Any CPU.ActiveCfg = Debug|Any CPU
		{6486193A-22B9-48CF-BE3B-CF5A03AFEAF4}.Debug|Any CPU.Build.0 = Debug|Any CPU
		{6486193A-22B9-48CF-BE3B-CF5A03AFEAF4}.Debug|x64.ActiveCfg = Debug|Any CPU
		{6486193A-22B9-48CF-BE3B-CF5A03AFEAF4}.Debug|x64.Build.0 = Debug|Any CPU
		{6486193A-22B9-48CF-BE3B-CF5A03AFEAF4}.Debug|x86.ActiveCfg = Debug|Any CPU
		{6486193A-22B9-48CF-BE3B-CF5A03AFEAF4}.Debug|x86.Build.0 = Debug|Any CPU
		{6486193A-22B9-48CF-BE3B-CF5A03AFEAF4}.Release|Any CPU.ActiveCfg = Release|Any CPU
		{6486193A-22B9-48CF-BE3B-CF5A03AFEAF4}.Release|Any CPU.Build.0 = Release|Any CPU
		{6486193A-22B9-48CF-BE3B-CF5A03AFEAF4}.Release|x64.ActiveCfg = Release|Any CPU
		{6486193A-22B9-48CF-BE3B-CF5A03AFEAF4}.Release|x64.Build.0 = Release|Any CPU
		{6486193A-22B9-48CF-BE3B-CF5A03AFEAF4}.Release|x86.ActiveCfg = Release|Any CPU
		{6486193A-22B9-48CF-BE3B-CF5A03AFEAF4}.Release|x86.Build.0 = Release|Any CPU
		{C763FA2F-C5F2-4A83-BAE8-30E3271E1C9F}.Debug|Any CPU.ActiveCfg = Debug|Any CPU
		{C763FA2F-C5F2-4A83-BAE8-30E3271E1C9F}.Debug|Any CPU.Build.0 = Debug|Any CPU
		{C763FA2F-C5F2-4A83-BAE8-30E3271E1C9F}.Debug|x64.ActiveCfg = Debug|Any CPU
		{C763FA2F-C5F2-4A83-BAE8-30E3271E1C9F}.Debug|x64.Build.0 = Debug|Any CPU
		{C763FA2F-C5F2-4A83-BAE8-30E3271E1C9F}.Debug|x86.ActiveCfg = Debug|Any CPU
		{C763FA2F-C5F2-4A83-BAE8-30E3271E1C9F}.Debug|x86.Build.0 = Debug|Any CPU
		{C763FA2F-C5F2-4A83-BAE8-30E3271E1C9F}.Release|Any CPU.ActiveCfg = Release|Any CPU
		{C763FA2F-C5F2-4A83-BAE8-30E3271E1C9F}.Release|Any CPU.Build.0 = Release|Any CPU
		{C763FA2F-C5F2-4A83-BAE8-30E3271E1C9F}.Release|x64.ActiveCfg = Release|Any CPU
		{C763FA2F-C5F2-4A83-BAE8-30E3271E1C9F}.Release|x64.Build.0 = Release|Any CPU
		{C763FA2F-C5F2-4A83-BAE8-30E3271E1C9F}.Release|x86.ActiveCfg = Release|Any CPU
		{C763FA2F-C5F2-4A83-BAE8-30E3271E1C9F}.Release|x86.Build.0 = Release|Any CPU
		{51F307B5-6339-47E5-A586-2D0EA97CC0FF}.Debug|Any CPU.ActiveCfg = Debug|Any CPU
		{51F307B5-6339-47E5-A586-2D0EA97CC0FF}.Debug|Any CPU.Build.0 = Debug|Any CPU
		{51F307B5-6339-47E5-A586-2D0EA97CC0FF}.Debug|x64.ActiveCfg = Debug|Any CPU
		{51F307B5-6339-47E5-A586-2D0EA97CC0FF}.Debug|x64.Build.0 = Debug|Any CPU
		{51F307B5-6339-47E5-A586-2D0EA97CC0FF}.Debug|x86.ActiveCfg = Debug|Any CPU
		{51F307B5-6339-47E5-A586-2D0EA97CC0FF}.Debug|x86.Build.0 = Debug|Any CPU
		{51F307B5-6339-47E5-A586-2D0EA97CC0FF}.Release|Any CPU.ActiveCfg = Release|Any CPU
		{51F307B5-6339-47E5-A586-2D0EA97CC0FF}.Release|Any CPU.Build.0 = Release|Any CPU
		{51F307B5-6339-47E5-A586-2D0EA97CC0FF}.Release|x64.ActiveCfg = Release|Any CPU
		{51F307B5-6339-47E5-A586-2D0EA97CC0FF}.Release|x64.Build.0 = Release|Any CPU
		{51F307B5-6339-47E5-A586-2D0EA97CC0FF}.Release|x86.ActiveCfg = Release|Any CPU
		{51F307B5-6339-47E5-A586-2D0EA97CC0FF}.Release|x86.Build.0 = Release|Any CPU
		{72F63B89-4ECD-41F4-AB22-0A58C9EC1ED1}.Debug|Any CPU.ActiveCfg = Debug|Any CPU
		{72F63B89-4ECD-41F4-AB22-0A58C9EC1ED1}.Debug|Any CPU.Build.0 = Debug|Any CPU
		{72F63B89-4ECD-41F4-AB22-0A58C9EC1ED1}.Debug|x64.ActiveCfg = Debug|Any CPU
		{72F63B89-4ECD-41F4-AB22-0A58C9EC1ED1}.Debug|x64.Build.0 = Debug|Any CPU
		{72F63B89-4ECD-41F4-AB22-0A58C9EC1ED1}.Debug|x86.ActiveCfg = Debug|Any CPU
		{72F63B89-4ECD-41F4-AB22-0A58C9EC1ED1}.Debug|x86.Build.0 = Debug|Any CPU
		{72F63B89-4ECD-41F4-AB22-0A58C9EC1ED1}.Release|Any CPU.ActiveCfg = Release|Any CPU
		{72F63B89-4ECD-41F4-AB22-0A58C9EC1ED1}.Release|Any CPU.Build.0 = Release|Any CPU
		{72F63B89-4ECD-41F4-AB22-0A58C9EC1ED1}.Release|x64.ActiveCfg = Release|Any CPU
		{72F63B89-4ECD-41F4-AB22-0A58C9EC1ED1}.Release|x64.Build.0 = Release|Any CPU
		{72F63B89-4ECD-41F4-AB22-0A58C9EC1ED1}.Release|x86.ActiveCfg = Release|Any CPU
		{72F63B89-4ECD-41F4-AB22-0A58C9EC1ED1}.Release|x86.Build.0 = Release|Any CPU
		{0DBA4273-5456-41F9-98EF-64BC1F19E5FB}.Debug|Any CPU.ActiveCfg = Debug|Any CPU
		{0DBA4273-5456-41F9-98EF-64BC1F19E5FB}.Debug|Any CPU.Build.0 = Debug|Any CPU
		{0DBA4273-5456-41F9-98EF-64BC1F19E5FB}.Debug|x64.ActiveCfg = Debug|Any CPU
		{0DBA4273-5456-41F9-98EF-64BC1F19E5FB}.Debug|x64.Build.0 = Debug|Any CPU
		{0DBA4273-5456-41F9-98EF-64BC1F19E5FB}.Debug|x86.ActiveCfg = Debug|Any CPU
		{0DBA4273-5456-41F9-98EF-64BC1F19E5FB}.Debug|x86.Build.0 = Debug|Any CPU
		{0DBA4273-5456-41F9-98EF-64BC1F19E5FB}.Release|Any CPU.ActiveCfg = Release|Any CPU
		{0DBA4273-5456-41F9-98EF-64BC1F19E5FB}.Release|Any CPU.Build.0 = Release|Any CPU
		{0DBA4273-5456-41F9-98EF-64BC1F19E5FB}.Release|x64.ActiveCfg = Release|Any CPU
		{0DBA4273-5456-41F9-98EF-64BC1F19E5FB}.Release|x64.Build.0 = Release|Any CPU
		{0DBA4273-5456-41F9-98EF-64BC1F19E5FB}.Release|x86.ActiveCfg = Release|Any CPU
		{0DBA4273-5456-41F9-98EF-64BC1F19E5FB}.Release|x86.Build.0 = Release|Any CPU
		{F582ED00-85BC-46B2-BAEF-B80E3FFFFC27}.Debug|Any CPU.ActiveCfg = Debug|Any CPU
		{F582ED00-85BC-46B2-BAEF-B80E3FFFFC27}.Debug|Any CPU.Build.0 = Debug|Any CPU
		{F582ED00-85BC-46B2-BAEF-B80E3FFFFC27}.Debug|x64.ActiveCfg = Debug|Any CPU
		{F582ED00-85BC-46B2-BAEF-B80E3FFFFC27}.Debug|x64.Build.0 = Debug|Any CPU
		{F582ED00-85BC-46B2-BAEF-B80E3FFFFC27}.Debug|x86.ActiveCfg = Debug|Any CPU
		{F582ED00-85BC-46B2-BAEF-B80E3FFFFC27}.Debug|x86.Build.0 = Debug|Any CPU
		{F582ED00-85BC-46B2-BAEF-B80E3FFFFC27}.Release|Any CPU.ActiveCfg = Release|Any CPU
		{F582ED00-85BC-46B2-BAEF-B80E3FFFFC27}.Release|Any CPU.Build.0 = Release|Any CPU
		{F582ED00-85BC-46B2-BAEF-B80E3FFFFC27}.Release|x64.ActiveCfg = Release|Any CPU
		{F582ED00-85BC-46B2-BAEF-B80E3FFFFC27}.Release|x64.Build.0 = Release|Any CPU
		{F582ED00-85BC-46B2-BAEF-B80E3FFFFC27}.Release|x86.ActiveCfg = Release|Any CPU
		{F582ED00-85BC-46B2-BAEF-B80E3FFFFC27}.Release|x86.Build.0 = Release|Any CPU
		{0BCA44F2-8996-41EF-98AF-DE00EF0531B2}.Debug|Any CPU.ActiveCfg = Debug|Any CPU
		{0BCA44F2-8996-41EF-98AF-DE00EF0531B2}.Debug|Any CPU.Build.0 = Debug|Any CPU
		{0BCA44F2-8996-41EF-98AF-DE00EF0531B2}.Debug|x64.ActiveCfg = Debug|Any CPU
		{0BCA44F2-8996-41EF-98AF-DE00EF0531B2}.Debug|x64.Build.0 = Debug|Any CPU
		{0BCA44F2-8996-41EF-98AF-DE00EF0531B2}.Debug|x86.ActiveCfg = Debug|Any CPU
		{0BCA44F2-8996-41EF-98AF-DE00EF0531B2}.Debug|x86.Build.0 = Debug|Any CPU
		{0BCA44F2-8996-41EF-98AF-DE00EF0531B2}.Release|Any CPU.ActiveCfg = Release|Any CPU
		{0BCA44F2-8996-41EF-98AF-DE00EF0531B2}.Release|Any CPU.Build.0 = Release|Any CPU
		{0BCA44F2-8996-41EF-98AF-DE00EF0531B2}.Release|x64.ActiveCfg = Release|Any CPU
		{0BCA44F2-8996-41EF-98AF-DE00EF0531B2}.Release|x64.Build.0 = Release|Any CPU
		{0BCA44F2-8996-41EF-98AF-DE00EF0531B2}.Release|x86.ActiveCfg = Release|Any CPU
		{0BCA44F2-8996-41EF-98AF-DE00EF0531B2}.Release|x86.Build.0 = Release|Any CPU
		{EBE6FD60-CA00-4120-B2E9-F274422BC97A}.Debug|Any CPU.ActiveCfg = Debug|Any CPU
		{EBE6FD60-CA00-4120-B2E9-F274422BC97A}.Debug|Any CPU.Build.0 = Debug|Any CPU
		{EBE6FD60-CA00-4120-B2E9-F274422BC97A}.Debug|x64.ActiveCfg = Debug|Any CPU
		{EBE6FD60-CA00-4120-B2E9-F274422BC97A}.Debug|x64.Build.0 = Debug|Any CPU
		{EBE6FD60-CA00-4120-B2E9-F274422BC97A}.Debug|x86.ActiveCfg = Debug|Any CPU
		{EBE6FD60-CA00-4120-B2E9-F274422BC97A}.Debug|x86.Build.0 = Debug|Any CPU
		{EBE6FD60-CA00-4120-B2E9-F274422BC97A}.Release|Any CPU.ActiveCfg = Release|Any CPU
		{EBE6FD60-CA00-4120-B2E9-F274422BC97A}.Release|Any CPU.Build.0 = Release|Any CPU
		{EBE6FD60-CA00-4120-B2E9-F274422BC97A}.Release|x64.ActiveCfg = Release|Any CPU
		{EBE6FD60-CA00-4120-B2E9-F274422BC97A}.Release|x64.Build.0 = Release|Any CPU
		{EBE6FD60-CA00-4120-B2E9-F274422BC97A}.Release|x86.ActiveCfg = Release|Any CPU
		{EBE6FD60-CA00-4120-B2E9-F274422BC97A}.Release|x86.Build.0 = Release|Any CPU
		{03DCE94D-F9AA-4772-8314-9D66D6A489F3}.Debug|Any CPU.ActiveCfg = Debug|Any CPU
		{03DCE94D-F9AA-4772-8314-9D66D6A489F3}.Debug|Any CPU.Build.0 = Debug|Any CPU
		{03DCE94D-F9AA-4772-8314-9D66D6A489F3}.Debug|x64.ActiveCfg = Debug|Any CPU
		{03DCE94D-F9AA-4772-8314-9D66D6A489F3}.Debug|x64.Build.0 = Debug|Any CPU
		{03DCE94D-F9AA-4772-8314-9D66D6A489F3}.Debug|x86.ActiveCfg = Debug|Any CPU
		{03DCE94D-F9AA-4772-8314-9D66D6A489F3}.Debug|x86.Build.0 = Debug|Any CPU
		{03DCE94D-F9AA-4772-8314-9D66D6A489F3}.Release|Any CPU.ActiveCfg = Release|Any CPU
		{03DCE94D-F9AA-4772-8314-9D66D6A489F3}.Release|Any CPU.Build.0 = Release|Any CPU
		{03DCE94D-F9AA-4772-8314-9D66D6A489F3}.Release|x64.ActiveCfg = Release|Any CPU
		{03DCE94D-F9AA-4772-8314-9D66D6A489F3}.Release|x64.Build.0 = Release|Any CPU
		{03DCE94D-F9AA-4772-8314-9D66D6A489F3}.Release|x86.ActiveCfg = Release|Any CPU
		{03DCE94D-F9AA-4772-8314-9D66D6A489F3}.Release|x86.Build.0 = Release|Any CPU
	EndGlobalSection
	GlobalSection(NestedProjects) = preSolution
		{902CFEEC-8D31-4425-948C-E3D40FB6F88B} = {81F92E15-CC39-469C-A672-A6717C46D684}
		{6486193A-22B9-48CF-BE3B-CF5A03AFEAF4} = {81F92E15-CC39-469C-A672-A6717C46D684}
		{C763FA2F-C5F2-4A83-BAE8-30E3271E1C9F} = {81F92E15-CC39-469C-A672-A6717C46D684}
		{51F307B5-6339-47E5-A586-2D0EA97CC0FF} = {81F92E15-CC39-469C-A672-A6717C46D684}
		{72F63B89-4ECD-41F4-AB22-0A58C9EC1ED1} = {81F92E15-CC39-469C-A672-A6717C46D684}
		{0DBA4273-5456-41F9-98EF-64BC1F19E5FB} = {9B4E8F8B-F235-44D9-A7F3-65BCD83956FF}
		{F582ED00-85BC-46B2-BAEF-B80E3FFFFC27} = {81F92E15-CC39-469C-A672-A6717C46D684}
		{0BCA44F2-8996-41EF-98AF-DE00EF0531B2} = {81F92E15-CC39-469C-A672-A6717C46D684}
		{EBE6FD60-CA00-4120-B2E9-F274422BC97A} = {81F92E15-CC39-469C-A672-A6717C46D684}
		{03DCE94D-F9AA-4772-8314-9D66D6A489F3} = {81F92E15-CC39-469C-A672-A6717C46D684}
	EndGlobalSection
EndGlobal
